// !$*UTF8*$!
{
	archiveVersion = 1;
	classes = {
	};
	objectVersion = 46;
	objects = {

/* Begin PBXBuildFile section */
		97AEA7371CA2D01C00A25F8B /* Assets.xcassets in Resources */ = {isa = PBXBuildFile; fileRef = 97AEA7361CA2D01C00A25F8B /* Assets.xcassets */; };
		97AEA7421CA2D0D100A25F8B /* keyremapd.c in Sources */ = {isa = PBXBuildFile; fileRef = 97AEA7411CA2D0D100A25F8B /* keyremapd.c */; };
/* End PBXBuildFile section */

/* Begin PBXFileReference section */
		97AEA72D1CA2D01C00A25F8B /* KeyRemap.app */ = {isa = PBXFileReference; explicitFileType = wrapper.application; includeInIndex = 0; path = KeyRemap.app; sourceTree = BUILT_PRODUCTS_DIR; };
		97AEA7361CA2D01C00A25F8B /* Assets.xcassets */ = {isa = PBXFileReference; lastKnownFileType = folder.assetcatalog; name = Assets.xcassets; path = ./Assets.xcassets; sourceTree = "<group>"; };
		97AEA73B1CA2D01C00A25F8B /* Info.plist */ = {isa = PBXFileReference; lastKnownFileType = text.plist.xml; name = Info.plist; path = ./Info.plist; sourceTree = "<group>"; };
		97AEA7411CA2D0D100A25F8B /* keyremapd.c */ = {isa = PBXFileReference; fileEncoding = 4; lastKnownFileType = sourcecode.c.c; path = keyremapd.c; sourceTree = SOURCE_ROOT; };
/* End PBXFileReference section */

/* Begin PBXFrameworksBuildPhase section */
		97AEA72A1CA2D01C00A25F8B /* Frameworks */ = {
			isa = PBXFrameworksBuildPhase;
			buildActionMask = 2147483647;
			files = (
			);
			runOnlyForDeploymentPostprocessing = 0;
		};
/* End PBXFrameworksBuildPhase section */

/* Begin PBXGroup section */
		97AEA7241CA2D01C00A25F8B = {
			isa = PBXGroup;
			children = (
				97AEA7411CA2D0D100A25F8B /* keyremapd.c */,
				97AEA7361CA2D01C00A25F8B /* Assets.xcassets */,
				97AEA73B1CA2D01C00A25F8B /* Info.plist */,
				97AEA72E1CA2D01C00A25F8B /* Products */,
			);
			sourceTree = "<group>";
		};
		97AEA72E1CA2D01C00A25F8B /* Products */ = {
			isa = PBXGroup;
			children = (
				97AEA72D1CA2D01C00A25F8B /* KeyRemap.app */,
			);
			name = Products;
			sourceTree = "<group>";
		};
/* End PBXGroup section */

/* Begin PBXNativeTarget section */
		97AEA72C1CA2D01C00A25F8B /* KeyRemap */ = {
			isa = PBXNativeTarget;
			buildConfigurationList = 97AEA73E1CA2D01C00A25F8B /* Build configuration list for PBXNativeTarget "KeyRemap" */;
			buildPhases = (
				97AEA7291CA2D01C00A25F8B /* Sources */,
				97AEA72A1CA2D01C00A25F8B /* Frameworks */,
				97AEA72B1CA2D01C00A25F8B /* Resources */,
			);
			buildRules = (
			);
			dependencies = (
			);
			name = KeyRemap;
			productName = KeyRemap;
			productReference = 97AEA72D1CA2D01C00A25F8B /* KeyRemap.app */;
			productType = "com.apple.product-type.application";
		};
/* End PBXNativeTarget section */

/* Begin PBXProject section */
		97AEA7251CA2D01C00A25F8B /* Project object */ = {
			isa = PBXProject;
			attributes = {
				LastUpgradeCheck = 0720;
				ORGANIZATIONNAME = nanoANT;
				TargetAttributes = {
					97AEA72C1CA2D01C00A25F8B = {
						CreatedOnToolsVersion = 7.2.1;
					};
				};
			};
			buildConfigurationList = 97AEA7281CA2D01C00A25F8B /* Build configuration list for PBXProject "KeyRemap" */;
			compatibilityVersion = "Xcode 3.2";
			developmentRegion = English;
			hasScannedForEncodings = 0;
			knownRegions = (
				en,
				Base,
			);
			mainGroup = 97AEA7241CA2D01C00A25F8B;
			productRefGroup = 97AEA72E1CA2D01C00A25F8B /* Products */;
			projectDirPath = "";
			projectRoot = "";
			targets = (
				97AEA72C1CA2D01C00A25F8B /* KeyRemap */,
			);
		};
/* End PBXProject section */

/* Begin PBXResourcesBuildPhase section */
		97AEA72B1CA2D01C00A25F8B /* Resources */ = {
			isa = PBXResourcesBuildPhase;
			buildActionMask = 2147483647;
			files = (
				97AEA7371CA2D01C00A25F8B /* Assets.xcassets in Resources */,
			);
			runOnlyForDeploymentPostprocessing = 0;
		};
/* End PBXResourcesBuildPhase section */

/* Begin PBXSourcesBuildPhase section */
		97AEA7291CA2D01C00A25F8B /* Sources */ = {
			isa = PBXSourcesBuildPhase;
			buildActionMask = 2147483647;
			files = (
				97AEA7421CA2D0D100A25F8B /* keyremapd.c in Sources */,
			);
			runOnlyForDeploymentPostprocessing = 0;
		};
/* End PBXSourcesBuildPhase section */

/* Begin XCBuildConfiguration section */
		97AEA73C1CA2D01C00A25F8B /* Debug */ = {
			isa = XCBuildConfiguration;
			buildSettings = {
				ALWAYS_SEARCH_USER_PATHS = NO;
				CLANG_CXX_LANGUAGE_STANDARD = "gnu++0x";
				CLANG_CXX_LIBRARY = "libc++";
				CLANG_ENABLE_MODULES = YES;
				CLANG_ENABLE_OBJC_ARC = YES;
				CLANG_WARN_BOOL_CONVERSION = YES;
				CLANG_WARN_CONSTANT_CONVERSION = YES;
				CLANG_WARN_DIRECT_OBJC_ISA_USAGE = YES_ERROR;
				CLANG_WARN_EMPTY_BODY = YES;
				CLANG_WARN_ENUM_CONVERSION = YES;
				CLANG_WARN_INT_CONVERSION = YES;
				CLANG_WARN_OBJC_ROOT_CLASS = YES_ERROR;
				CLANG_WARN_UNREACHABLE_CODE = YES;
				CLANG_WARN__DUPLICATE_METHOD_MATCH = YES;
				CODE_SIGN_IDENTITY = "-";
				COPY_PHASE_STRIP = NO;
				DEBUG_INFORMATION_FORMAT = dwarf;
				ENABLE_STRICT_OBJC_MSGSEND = YES;
				ENABLE_TESTABILITY = YES;
				GCC_C_LANGUAGE_STANDARD = gnu99;
				GCC_DYNAMIC_NO_PIC = NO;
				GCC_NO_COMMON_BLOCKS = YES;
				GCC_OPTIMIZATION_LEVEL = 0;
				GCC_PREPROCESSOR_DEFINITIONS = (
					"DEBUG=1",
					"$(inherited)",
				);
				GCC_WARN_64_TO_32_BIT_CONVERSION = YES;
				GCC_WARN_ABOUT_RETURN_TYPE = YES_ERROR;
				GCC_WARN_UNDECLARED_SELECTOR = YES;
				GCC_WARN_UNINITIALIZED_AUTOS = YES_AGGRESSIVE;
				GCC_WARN_UNUSED_FUNCTION = YES;
				GCC_WARN_UNUSED_VARIABLE = YES;
				MACOSX_DEPLOYMENT_TARGET = 10.11;
				MTL_ENABLE_DEBUG_INFO = YES;
				ONLY_ACTIVE_ARCH = YES;
				SDKROOT = macosx;
			};
			name = Debug;
		};
		97AEA73D1CA2D01C00A25F8B /* Release */ = {
			isa = XCBuildConfiguration;
			buildSettings = {
				ALWAYS_SEARCH_USER_PATHS = NO;
				CLANG_CXX_LANGUAGE_STANDARD = "gnu++0x";
				CLANG_CXX_LIBRARY = "libc++";
				CLANG_ENABLE_MODULES = YES;
				CLANG_ENABLE_OBJC_ARC = YES;
				CLANG_WARN_BOOL_CONVERSION = YES;
				CLANG_WARN_CONSTANT_CONVERSION = YES;
				CLANG_WARN_DIRECT_OBJC_ISA_USAGE = YES_ERROR;
				CLANG_WARN_EMPTY_BODY = YES;
				CLANG_WARN_ENUM_CONVERSION = YES;
				CLANG_WARN_INT_CONVERSION = YES;
				CLANG_WARN_OBJC_ROOT_CLASS = YES_ERROR;
				CLANG_WARN_UNREACHABLE_CODE = YES;
				CLANG_WARN__DUPLICATE_METHOD_MATCH = YES;
				CODE_SIGN_IDENTITY = "-";
				COPY_PHASE_STRIP = NO;
				DEBUG_INFORMATION_FORMAT = "dwarf-with-dsym";
				ENABLE_NS_ASSERTIONS = NO;
				ENABLE_STRICT_OBJC_MSGSEND = YES;
				GCC_C_LANGUAGE_STANDARD = gnu99;
				GCC_NO_COMMON_BLOCKS = YES;
				GCC_WARN_64_TO_32_BIT_CONVERSION = YES;
				GCC_WARN_ABOUT_RETURN_TYPE = YES_ERROR;
				GCC_WARN_UNDECLARED_SELECTOR = YES;
				GCC_WARN_UNINITIALIZED_AUTOS = YES_AGGRESSIVE;
				GCC_WARN_UNUSED_FUNCTION = YES;
				GCC_WARN_UNUSED_VARIABLE = YES;
				MACOSX_DEPLOYMENT_TARGET = 10.11;
				MTL_ENABLE_DEBUG_INFO = NO;
				SDKROOT = macosx;
			};
			name = Release;
		};
		97AEA73F1CA2D01C00A25F8B /* Debug */ = {
			isa = XCBuildConfiguration;
			buildSettings = {
				ASSETCATALOG_COMPILER_APPICON_NAME = AppIcon;
				COMBINE_HIDPI_IMAGES = YES;
				INFOPLIST_FILE = Info.plist;
				LD_RUNPATH_SEARCH_PATHS = "$(inherited) @executable_path/../Frameworks";
				PRODUCT_BUNDLE_IDENTIFIER = com.nanoant.KeyRemap;
				PRODUCT_NAME = "$(TARGET_NAME)";
			};
			name = Debug;
		};
		97AEA7401CA2D01C00A25F8B /* Release */ = {
			isa = XCBuildConfiguration;
			buildSettings = {
				ASSETCATALOG_COMPILER_APPICON_NAME = AppIcon;
				COMBINE_HIDPI_IMAGES = YES;
				INFOPLIST_FILE = Info.plist;
				LD_RUNPATH_SEARCH_PATHS = "$(inherited) @executable_path/../Frameworks";
				PRODUCT_BUNDLE_IDENTIFIER = com.nanoant.KeyRemap;
				PRODUCT_NAME = "$(TARGET_NAME)";
			};
			name = Release;
		};
/* End XCBuildConfiguration section */

/* Begin XCConfigurationList section */
		97AEA7281CA2D01C00A25F8B /* Build configuration list for PBXProject "KeyRemap" */ = {
			isa = XCConfigurationList;
			buildConfigurations = (
				97AEA73C1CA2D01C00A25F8B /* Debug */,
				97AEA73D1CA2D01C00A25F8B /* Release */,
			);
			defaultConfigurationIsVisible = 0;
			defaultConfigurationName = Release;
		};
		97AEA73E1CA2D01C00A25F8B /* Build configuration list for PBXNativeTarget "KeyRemap" */ = {
			isa = XCConfigurationList;
			buildConfigurations = (
				97AEA73F1CA2D01C00A25F8B /* Debug */,
				97AEA7401CA2D01C00A25F8B /* Release */,
			);
			defaultConfigurationIsVisible = 0;
			defaultConfigurationName = Release;
		};
/* End XCConfigurationList section */
	};
	rootObject = 97AEA7251CA2D01C00A25F8B /* Project object */;
}
